
Microsoft Visual Studio Solution File, Format Version 12.00
# Visual Studio 15
VisualStudioVersion = 15.0.28010.2048
MinimumVisualStudioVersion = 10.0.40219.1
Project("{FAE04EC0-301F-11D3-BF4B-00C04F79EFBC}") = "pruebagit", "pruebagit\pruebagit.csproj", "{6D379E31-CA65-4072-A4DA-10F3EADF6856}"
EndProject
Global
	GlobalSection(SolutionConfigurationPlatforms) = preSolution
		Debug|Any CPU = Debug|Any CPU
		Release|Any CPU = Release|Any CPU
	EndGlobalSection
	GlobalSection(ProjectConfigurationPlatforms) = postSolution
		{6D379E31-CA65-4072-A4DA-10F3EADF6856}.Debug|Any CPU.ActiveCfg = Debug|Any CPU
		{6D379E31-CA65-4072-A4DA-10F3EADF6856}.Debug|Any CPU.Build.0 = Debug|Any CPU
		{6D379E31-CA65-4072-A4DA-10F3EADF6856}.Release|Any CPU.ActiveCfg = Release|Any CPU
		{6D379E31-CA65-4072-A4DA-10F3EADF6856}.Release|Any CPU.Build.0 = Release|Any CPU
	EndGlobalSection
	GlobalSection(SolutionProperties) = preSolution
		HideSolutionNode = FALSE
	EndGlobalSection
	GlobalSection(ExtensibilityGlobals) = postSolution
		SolutionGuid = {1F6810D8-E403-464C-BCDE-B8F901BD8B9A}
	EndGlobalSection
EndGlobal
